// !$*UTF8*$!
{
	archiveVersion = 1;
	classes = {
	};
	objectVersion = 50;
	objects = {

/* Begin PBXBuildFile section */
		6BCCB97C235DDF4500099FCB /* AppDelegate.swift in Sources */ = {isa = PBXBuildFile; fileRef = 6BCCB97B235DDF4500099FCB /* AppDelegate.swift */; };
		6BCCB980235DDF4500099FCB /* ViewController.swift in Sources */ = {isa = PBXBuildFile; fileRef = 6BCCB97F235DDF4500099FCB /* ViewController.swift */; };
		6BCCB985235DDF4700099FCB /* Assets.xcassets in Resources */ = {isa = PBXBuildFile; fileRef = 6BCCB984235DDF4700099FCB /* Assets.xcassets */; };
		6BCCB988235DDF4700099FCB /* LaunchScreen.storyboard in Resources */ = {isa = PBXBuildFile; fileRef = 6BCCB986235DDF4700099FCB /* LaunchScreen.storyboard */; };
		6BCCB993235DDF4700099FCB /* TaskerTests.swift in Sources */ = {isa = PBXBuildFile; fileRef = 6BCCB992235DDF4700099FCB /* TaskerTests.swift */; };
		6BCCB99E235DDF4800099FCB /* TaskerUITests.swift in Sources */ = {isa = PBXBuildFile; fileRef = 6BCCB99D235DDF4800099FCB /* TaskerUITests.swift */; };
/* End PBXBuildFile section */

/* Begin PBXContainerItemProxy section */
		6BCCB98F235DDF4700099FCB /* PBXContainerItemProxy */ = {
			isa = PBXContainerItemProxy;
			containerPortal = 6BCCB970235DDF4500099FCB /* Project object */;
			proxyType = 1;
			remoteGlobalIDString = 6BCCB977235DDF4500099FCB;
			remoteInfo = Tasker;
		};
		6BCCB99A235DDF4800099FCB /* PBXContainerItemProxy */ = {
			isa = PBXContainerItemProxy;
			containerPortal = 6BCCB970235DDF4500099FCB /* Project object */;
			proxyType = 1;
			remoteGlobalIDString = 6BCCB977235DDF4500099FCB;
			remoteInfo = Tasker;
		};
/* End PBXContainerItemProxy section */

/* Begin PBXFileReference section */
		6BCCB978235DDF4500099FCB /* Tasker.app */ = {isa = PBXFileReference; explicitFileType = wrapper.application; includeInIndex = 0; path = Tasker.app; sourceTree = BUILT_PRODUCTS_DIR; };
		6BCCB97B235DDF4500099FCB /* AppDelegate.swift */ = {isa = PBXFileReference; lastKnownFileType = sourcecode.swift; path = AppDelegate.swift; sourceTree = "<group>"; };
		6BCCB97F235DDF4500099FCB /* ViewController.swift */ = {isa = PBXFileReference; lastKnownFileType = sourcecode.swift; path = ViewController.swift; sourceTree = "<group>"; };
		6BCCB984235DDF4700099FCB /* Assets.xcassets */ = {isa = PBXFileReference; lastKnownFileType = folder.assetcatalog; path = Assets.xcassets; sourceTree = "<group>"; };
		6BCCB987235DDF4700099FCB /* Base */ = {isa = PBXFileReference; lastKnownFileType = file.storyboard; name = Base; path = Base.lproj/LaunchScreen.storyboard; sourceTree = "<group>"; };
		6BCCB989235DDF4700099FCB /* Info.plist */ = {isa = PBXFileReference; lastKnownFileType = text.plist.xml; path = Info.plist; sourceTree = "<group>"; };
		6BCCB98E235DDF4700099FCB /* TaskerTests.xctest */ = {isa = PBXFileReference; explicitFileType = wrapper.cfbundle; includeInIndex = 0; path = TaskerTests.xctest; sourceTree = BUILT_PRODUCTS_DIR; };
		6BCCB992235DDF4700099FCB /* TaskerTests.swift */ = {isa = PBXFileReference; lastKnownFileType = sourcecode.swift; path = TaskerTests.swift; sourceTree = "<group>"; };
		6BCCB994235DDF4700099FCB /* Info.plist */ = {isa = PBXFileReference; lastKnownFileType = text.plist.xml; path = Info.plist; sourceTree = "<group>"; };
		6BCCB999235DDF4700099FCB /* TaskerUITests.xctest */ = {isa = PBXFileReference; explicitFileType = wrapper.cfbundle; includeInIndex = 0; path = TaskerUITests.xctest; sourceTree = BUILT_PRODUCTS_DIR; };
		6BCCB99D235DDF4800099FCB /* TaskerUITests.swift */ = {isa = PBXFileReference; lastKnownFileType = sourcecode.swift; path = TaskerUITests.swift; sourceTree = "<group>"; };
		6BCCB99F235DDF4800099FCB /* Info.plist */ = {isa = PBXFileReference; lastKnownFileType = text.plist.xml; path = Info.plist; sourceTree = "<group>"; };
/* End PBXFileReference section */

/* Begin PBXFrameworksBuildPhase section */
		6BCCB975235DDF4500099FCB /* Frameworks */ = {
			isa = PBXFrameworksBuildPhase;
			buildActionMask = 2147483647;
			files = (
			);
			runOnlyForDeploymentPostprocessing = 0;
		};
		6BCCB98B235DDF4700099FCB /* Frameworks */ = {
			isa = PBXFrameworksBuildPhase;
			buildActionMask = 2147483647;
			files = (
			);
			runOnlyForDeploymentPostprocessing = 0;
		};
		6BCCB996235DDF4700099FCB /* Frameworks */ = {
			isa = PBXFrameworksBuildPhase;
			buildActionMask = 2147483647;
			files = (
			);
			runOnlyForDeploymentPostprocessing = 0;
		};
/* End PBXFrameworksBuildPhase section */

/* Begin PBXGroup section */
		6BCCB96F235DDF4500099FCB = {
			isa = PBXGroup;
			children = (
				6BCCB97A235DDF4500099FCB /* Tasker */,
				6BCCB991235DDF4700099FCB /* TaskerTests */,
				6BCCB99C235DDF4800099FCB /* TaskerUITests */,
				6BCCB979235DDF4500099FCB /* Products */,
			);
			sourceTree = "<group>";
		};
		6BCCB979235DDF4500099FCB /* Products */ = {
			isa = PBXGroup;
			children = (
				6BCCB978235DDF4500099FCB /* Tasker.app */,
				6BCCB98E235DDF4700099FCB /* TaskerTests.xctest */,
				6BCCB999235DDF4700099FCB /* TaskerUITests.xctest */,
			);
			name = Products;
			sourceTree = "<group>";
		};
		6BCCB97A235DDF4500099FCB /* Tasker */ = {
			isa = PBXGroup;
			children = (
				6BCCB97B235DDF4500099FCB /* AppDelegate.swift */,
				6BCCB97F235DDF4500099FCB /* ViewController.swift */,
				6BCCB984235DDF4700099FCB /* Assets.xcassets */,
				6BCCB986235DDF4700099FCB /* LaunchScreen.storyboard */,
				6BCCB989235DDF4700099FCB /* Info.plist */,
			);
			path = Tasker;
			sourceTree = "<group>";
		};
		6BCCB991235DDF4700099FCB /* TaskerTests */ = {
			isa = PBXGroup;
			children = (
				6BCCB992235DDF4700099FCB /* TaskerTests.swift */,
				6BCCB994235DDF4700099FCB /* Info.plist */,
			);
			path = TaskerTests;
			sourceTree = "<group>";
		};
		6BCCB99C235DDF4800099FCB /* TaskerUITests */ = {
			isa = PBXGroup;
			children = (
				6BCCB99D235DDF4800099FCB /* TaskerUITests.swift */,
				6BCCB99F235DDF4800099FCB /* Info.plist */,
			);
			path = TaskerUITests;
			sourceTree = "<group>";
		};
/* End PBXGroup section */

/* Begin PBXNativeTarget section */
		6BCCB977235DDF4500099FCB /* Tasker */ = {
			isa = PBXNativeTarget;
			buildConfigurationList = 6BCCB9A2235DDF4800099FCB /* Build configuration list for PBXNativeTarget "Tasker" */;
			buildPhases = (
				6BCCB974235DDF4500099FCB /* Sources */,
				6BCCB975235DDF4500099FCB /* Frameworks */,
				6BCCB976235DDF4500099FCB /* Resources */,
			);
			buildRules = (
			);
			dependencies = (
			);
			name = Tasker;
			productName = Tasker;
			productReference = 6BCCB978235DDF4500099FCB /* Tasker.app */;
			productType = "com.apple.product-type.application";
		};
		6BCCB98D235DDF4700099FCB /* TaskerTests */ = {
			isa = PBXNativeTarget;
			buildConfigurationList = 6BCCB9A5235DDF4800099FCB /* Build configuration list for PBXNativeTarget "TaskerTests" */;
			buildPhases = (
				6BCCB98A235DDF4700099FCB /* Sources */,
				6BCCB98B235DDF4700099FCB /* Frameworks */,
				6BCCB98C235DDF4700099FCB /* Resources */,
			);
			buildRules = (
			);
			dependencies = (
				6BCCB990235DDF4700099FCB /* PBXTargetDependency */,
			);
			name = TaskerTests;
			productName = TaskerTests;
			productReference = 6BCCB98E235DDF4700099FCB /* TaskerTests.xctest */;
			productType = "com.apple.product-type.bundle.unit-test";
		};
		6BCCB998235DDF4700099FCB /* TaskerUITests */ = {
			isa = PBXNativeTarget;
			buildConfigurationList = 6BCCB9A8235DDF4800099FCB /* Build configuration list for PBXNativeTarget "TaskerUITests" */;
			buildPhases = (
				6BCCB995235DDF4700099FCB /* Sources */,
				6BCCB996235DDF4700099FCB /* Frameworks */,
				6BCCB997235DDF4700099FCB /* Resources */,
			);
			buildRules = (
			);
			dependencies = (
				6BCCB99B235DDF4800099FCB /* PBXTargetDependency */,
			);
			name = TaskerUITests;
			productName = TaskerUITests;
			productReference = 6BCCB999235DDF4700099FCB /* TaskerUITests.xctest */;
			productType = "com.apple.product-type.bundle.ui-testing";
		};
/* End PBXNativeTarget section */

/* Begin PBXProject section */
		6BCCB970235DDF4500099FCB /* Project object */ = {
			isa = PBXProject;
			attributes = {
				LastSwiftUpdateCheck = 1110;
				LastUpgradeCheck = 1110;
				ORGANIZATIONNAME = "kevin flores";
				TargetAttributes = {
					6BCCB977235DDF4500099FCB = {
						CreatedOnToolsVersion = 11.1;
					};
					6BCCB98D235DDF4700099FCB = {
						CreatedOnToolsVersion = 11.1;
						TestTargetID = 6BCCB977235DDF4500099FCB;
					};
					6BCCB998235DDF4700099FCB = {
						CreatedOnToolsVersion = 11.1;
						TestTargetID = 6BCCB977235DDF4500099FCB;
					};
				};
			};
			buildConfigurationList = 6BCCB973235DDF4500099FCB /* Build configuration list for PBXProject "Tasker" */;
			compatibilityVersion = "Xcode 9.3";
			developmentRegion = en;
			hasScannedForEncodings = 0;
			knownRegions = (
				en,
				Base,
			);
			mainGroup = 6BCCB96F235DDF4500099FCB;
			productRefGroup = 6BCCB979235DDF4500099FCB /* Products */;
			projectDirPath = "";
			projectRoot = "";
			targets = (
				6BCCB977235DDF4500099FCB /* Tasker */,
				6BCCB98D235DDF4700099FCB /* TaskerTests */,
				6BCCB998235DDF4700099FCB /* TaskerUITests */,
			);
		};
/* End PBXProject section */

/* Begin PBXResourcesBuildPhase section */
		6BCCB976235DDF4500099FCB /* Resources */ = {
			isa = PBXResourcesBuildPhase;
			buildActionMask = 2147483647;
			files = (
				6BCCB988235DDF4700099FCB /* LaunchScreen.storyboard in Resources */,
				6BCCB985235DDF4700099FCB /* Assets.xcassets in Resources */,
			);
			runOnlyForDeploymentPostprocessing = 0;
		};
		6BCCB98C235DDF4700099FCB /* Resources */ = {
			isa = PBXResourcesBuildPhase;
			buildActionMask = 2147483647;
			files = (
			);
			runOnlyForDeploymentPostprocessing = 0;
		};
		6BCCB997235DDF4700099FCB /* Resources */ = {
			isa = PBXResourcesBuildPhase;
			buildActionMask = 2147483647;
			files = (
			);
			runOnlyForDeploymentPostprocessing = 0;
		};
/* End PBXResourcesBuildPhase section */

/* Begin PBXSourcesBuildPhase section */
		6BCCB974235DDF4500099FCB /* Sources */ = {
			isa = PBXSourcesBuildPhase;
			buildActionMask = 2147483647;
			files = (
				6BCCB980235DDF4500099FCB /* ViewController.swift in Sources */,
				6BCCB97C235DDF4500099FCB /* AppDelegate.swift in Sources */,
			);
			runOnlyForDeploymentPostprocessing = 0;
		};
		6BCCB98A235DDF4700099FCB /* Sources */ = {
			isa = PBXSourcesBuildPhase;
			buildActionMask = 2147483647;
			files = (
				6BCCB993235DDF4700099FCB /* TaskerTests.swift in Sources */,
			);
			runOnlyForDeploymentPostprocessing = 0;
		};
		6BCCB995235DDF4700099FCB /* Sources */ = {
			isa = PBXSourcesBuildPhase;
			buildActionMask = 2147483647;
			files = (
				6BCCB99E235DDF4800099FCB /* TaskerUITests.swift in Sources */,
			);
			runOnlyForDeploymentPostprocessing = 0;
		};
/* End PBXSourcesBuildPhase section */

/* Begin PBXTargetDependency section */
		6BCCB990235DDF4700099FCB /* PBXTargetDependency */ = {
			isa = PBXTargetDependency;
			target = 6BCCB977235DDF4500099FCB /* Tasker */;
			targetProxy = 6BCCB98F235DDF4700099FCB /* PBXContainerItemProxy */;
		};
		6BCCB99B235DDF4800099FCB /* PBXTargetDependency */ = {
			isa = PBXTargetDependency;
			target = 6BCCB977235DDF4500099FCB /* Tasker */;
			targetProxy = 6BCCB99A235DDF4800099FCB /* PBXContainerItemProxy */;
		};
/* End PBXTargetDependency section */

/* Begin PBXVariantGroup section */
		6BCCB986235DDF4700099FCB /* LaunchScreen.storyboard */ = {
			isa = PBXVariantGroup;
			children = (
				6BCCB987235DDF4700099FCB /* Base */,
			);
			name = LaunchScreen.storyboard;
			sourceTree = "<group>";
		};
/* End PBXVariantGroup section */

/* Begin XCBuildConfiguration section */
		6BCCB9A0235DDF4800099FCB /* Debug */ = {
			isa = XCBuildConfiguration;
			buildSettings = {
				ALWAYS_SEARCH_USER_PATHS = NO;
				CLANG_ANALYZER_NONNULL = YES;
				CLANG_ANALYZER_NUMBER_OBJECT_CONVERSION = YES_AGGRESSIVE;
				CLANG_CXX_LANGUAGE_STANDARD = "gnu++14";
				CLANG_CXX_LIBRARY = "libc++";
				CLANG_ENABLE_MODULES = YES;
				CLANG_ENABLE_OBJC_ARC = YES;
				CLANG_ENABLE_OBJC_WEAK = YES;
				CLANG_WARN_BLOCK_CAPTURE_AUTORELEASING = YES;
				CLANG_WARN_BOOL_CONVERSION = YES;
				CLANG_WARN_COMMA = YES;
				CLANG_WARN_CONSTANT_CONVERSION = YES;
				CLANG_WARN_DEPRECATED_OBJC_IMPLEMENTATIONS = YES;
				CLANG_WARN_DIRECT_OBJC_ISA_USAGE = YES_ERROR;
				CLANG_WARN_DOCUMENTATION_COMMENTS = YES;
				CLANG_WARN_EMPTY_BODY = YES;
				CLANG_WARN_ENUM_CONVERSION = YES;
				CLANG_WARN_INFINITE_RECURSION = YES;
				CLANG_WARN_INT_CONVERSION = YES;
				CLANG_WARN_NON_LITERAL_NULL_CONVERSION = YES;
				CLANG_WARN_OBJC_IMPLICIT_RETAIN_SELF = YES;
				CLANG_WARN_OBJC_LITERAL_CONVERSION = YES;
				CLANG_WARN_OBJC_ROOT_CLASS = YES_ERROR;
				CLANG_WARN_RANGE_LOOP_ANALYSIS = YES;
				CLANG_WARN_STRICT_PROTOTYPES = YES;
				CLANG_WARN_SUSPICIOUS_MOVE = YES;
				CLANG_WARN_UNGUARDED_AVAILABILITY = YES_AGGRESSIVE;
				CLANG_WARN_UNREACHABLE_CODE = YES;
				CLANG_WARN__DUPLICATE_METHOD_MATCH = YES;
				COPY_PHASE_STRIP = NO;
				DEBUG_INFORMATION_FORMAT = dwarf;
				ENABLE_STRICT_OBJC_MSGSEND = YES;
				ENABLE_TESTABILITY = YES;
				GCC_C_LANGUAGE_STANDARD = gnu11;
				GCC_DYNAMIC_NO_PIC = NO;
				GCC_NO_COMMON_BLOCKS = YES;
				GCC_OPTIMIZATION_LEVEL = 0;
				GCC_PREPROCESSOR_DEFINITIONS = (
					"DEBUG=1",
					"$(inherited)",
				);
				GCC_WARN_64_TO_32_BIT_CONVERSION = YES;
				GCC_WARN_ABOUT_RETURN_TYPE = YES_ERROR;
				GCC_WARN_UNDECLARED_SELECTOR = YES;
				GCC_WARN_UNINITIALIZED_AUTOS = YES_AGGRESSIVE;
				GCC_WARN_UNUSED_FUNCTION = YES;
				GCC_WARN_UNUSED_VARIABLE = YES;
				IPHONEOS_DEPLOYMENT_TARGET = 13.1;
				MTL_ENABLE_DEBUG_INFO = INCLUDE_SOURCE;
				MTL_FAST_MATH = YES;
				ONLY_ACTIVE_ARCH = YES;
				SDKROOT = iphoneos;
				SWIFT_ACTIVE_COMPILATION_CONDITIONS = DEBUG;
				SWIFT_OPTIMIZATION_LEVEL = "-Onone";
			};
			name = Debug;
		};
		6BCCB9A1235DDF4800099FCB /* Release */ = {
			isa = XCBuildConfiguration;
			buildSettings = {
				ALWAYS_SEARCH_USER_PATHS = NO;
				CLANG_ANALYZER_NONNULL = YES;
				CLANG_ANALYZER_NUMBER_OBJECT_CONVERSION = YES_AGGRESSIVE;
				CLANG_CXX_LANGUAGE_STANDARD = "gnu++14";
				CLANG_CXX_LIBRARY = "libc++";
				CLANG_ENABLE_MODULES = YES;
				CLANG_ENABLE_OBJC_ARC = YES;
				CLANG_ENABLE_OBJC_WEAK = YES;
				CLANG_WARN_BLOCK_CAPTURE_AUTORELEASING = YES;
				CLANG_WARN_BOOL_CONVERSION = YES;
				CLANG_WARN_COMMA = YES;
				CLANG_WARN_CONSTANT_CONVERSION = YES;
				CLANG_WARN_DEPRECATED_OBJC_IMPLEMENTATIONS = YES;
				CLANG_WARN_DIRECT_OBJC_ISA_USAGE = YES_ERROR;
				CLANG_WARN_DOCUMENTATION_COMMENTS = YES;
				CLANG_WARN_EMPTY_BODY = YES;
				CLANG_WARN_ENUM_CONVERSION = YES;
				CLANG_WARN_INFINITE_RECURSION = YES;
				CLANG_WARN_INT_CONVERSION = YES;
				CLANG_WARN_NON_LITERAL_NULL_CONVERSION = YES;
				CLANG_WARN_OBJC_IMPLICIT_RETAIN_SELF = YES;
				CLANG_WARN_OBJC_LITERAL_CONVERSION = YES;
				CLANG_WARN_OBJC_ROOT_CLASS = YES_ERROR;
				CLANG_WARN_RANGE_LOOP_ANALYSIS = YES;
				CLANG_WARN_STRICT_PROTOTYPES = YES;
				CLANG_WARN_SUSPICIOUS_MOVE = YES;
				CLANG_WARN_UNGUARDED_AVAILABILITY = YES_AGGRESSIVE;
				CLANG_WARN_UNREACHABLE_CODE = YES;
				CLANG_WARN__DUPLICATE_METHOD_MATCH = YES;
				COPY_PHASE_STRIP = NO;
				DEBUG_INFORMATION_FORMAT = "dwarf-with-dsym";
				ENABLE_NS_ASSERTIONS = NO;
				ENABLE_STRICT_OBJC_MSGSEND = YES;
				GCC_C_LANGUAGE_STANDARD = gnu11;
				GCC_NO_COMMON_BLOCKS = YES;
				GCC_WARN_64_TO_32_BIT_CONVERSION = YES;
				GCC_WARN_ABOUT_RETURN_TYPE = YES_ERROR;
				GCC_WARN_UNDECLARED_SELECTOR = YES;
				GCC_WARN_UNINITIALIZED_AUTOS = YES_AGGRESSIVE;
				GCC_WARN_UNUSED_FUNCTION = YES;
				GCC_WARN_UNUSED_VARIABLE = YES;
				IPHONEOS_DEPLOYMENT_TARGET = 13.1;
				MTL_ENABLE_DEBUG_INFO = NO;
				MTL_FAST_MATH = YES;
				SDKROOT = iphoneos;
				SWIFT_COMPILATION_MODE = wholemodule;
				SWIFT_OPTIMIZATION_LEVEL = "-O";
				VALIDATE_PRODUCT = YES;
			};
			name = Release;
		};
		6BCCB9A3235DDF4800099FCB /* Debug */ = {
			isa = XCBuildConfiguration;
			buildSettings = {
				ASSETCATALOG_COMPILER_APPICON_NAME = AppIcon;
				CODE_SIGN_STYLE = Automatic;
				DEVELOPMENT_TEAM = A38H3LFSD3;
				INFOPLIST_FILE = Tasker/Info.plist;
				LD_RUNPATH_SEARCH_PATHS = (
					"$(inherited)",
					"@executable_path/Frameworks",
				);
				PRODUCT_BUNDLE_IDENTIFIER = Victoriano.Tasker;
				PRODUCT_NAME = "$(TARGET_NAME)";
				SWIFT_VERSION = 5.0;
				TARGETED_DEVICE_FAMILY = "1,2";
			};
			name = Debug;
		};
		6BCCB9A4235DDF4800099FCB /* Release */ = {
			isa = XCBuildConfiguration;
			buildSettings = {
				ASSETCATALOG_COMPILER_APPICON_NAME = AppIcon;
				CODE_SIGN_STYLE = Automatic;
				DEVELOPMENT_TEAM = A38H3LFSD3;
				INFOPLIST_FILE = Tasker/Info.plist;
				LD_RUNPATH_SEARCH_PATHS = (
					"$(inherited)",
					"@executable_path/Frameworks",
				);
				PRODUCT_BUNDLE_IDENTIFIER = Victoriano.Tasker;
				PRODUCT_NAME = "$(TARGET_NAME)";
				SWIFT_VERSION = 5.0;
				TARGETED_DEVICE_FAMILY = "1,2";
			};
			name = Release;
		};
		6BCCB9A6235DDF4800099FCB /* Debug */ = {
			isa = XCBuildConfiguration;
			buildSettings = {
				ALWAYS_EMBED_SWIFT_STANDARD_LIBRARIES = YES;
				BUNDLE_LOADER = "$(TEST_HOST)";
				CODE_SIGN_STYLE = Automatic;
				DEVELOPMENT_TEAM = A38H3LFSD3;
				INFOPLIST_FILE = TaskerTests/Info.plist;
				IPHONEOS_DEPLOYMENT_TARGET = 13.1;
				LD_RUNPATH_SEARCH_PATHS = (
					"$(inherited)",
					"@executable_path/Frameworks",
					"@loader_path/Frameworks",
				);
				PRODUCT_BUNDLE_IDENTIFIER = Victoriano.TaskerTests;
				PRODUCT_NAME = "$(TARGET_NAME)";
				SWIFT_VERSION = 5.0;
				TARGETED_DEVICE_FAMILY = "1,2";
				TEST_HOST = "$(BUILT_PRODUCTS_DIR)/Tasker.app/Tasker";
			};
			name = Debug;
		};
		6BCCB9A7235DDF4800099FCB /* Release */ = {
			isa = XCBuildConfiguration;
			buildSettings = {
				ALWAYS_EMBED_SWIFT_STANDARD_LIBRARIES = YES;
				BUNDLE_LOADER = "$(TEST_HOST)";
				CODE_SIGN_STYLE = Automatic;
				DEVELOPMENT_TEAM = A38H3LFSD3;
				INFOPLIST_FILE = TaskerTests/Info.plist;
				IPHONEOS_DEPLOYMENT_TARGET = 13.1;
				LD_RUNPATH_SEARCH_PATHS = (
					"$(inherited)",
					"@executable_path/Frameworks",
					"@loader_path/Frameworks",
				);
				PRODUCT_BUNDLE_IDENTIFIER = Victoriano.TaskerTests;
				PRODUCT_NAME = "$(TARGET_NAME)";
				SWIFT_VERSION = 5.0;
				TARGETED_DEVICE_FAMILY = "1,2";
				TEST_HOST = "$(BUILT_PRODUCTS_DIR)/Tasker.app/Tasker";
			};
			name = Release;
		};
		6BCCB9A9235DDF4800099FCB /* Debug */ = {
			isa = XCBuildConfiguration;
			buildSettings = {
				ALWAYS_EMBED_SWIFT_STANDARD_LIBRARIES = YES;
				CODE_SIGN_STYLE = Automatic;
				DEVELOPMENT_TEAM = A38H3LFSD3;
				INFOPLIST_FILE = TaskerUITests/Info.plist;
				LD_RUNPATH_SEARCH_PATHS = (
					"$(inherited)",
					"@executable_path/Frameworks",
					"@loader_path/Frameworks",
				);
				PRODUCT_BUNDLE_IDENTIFIER = Victoriano.TaskerUITests;
				PRODUCT_NAME = "$(TARGET_NAME)";
				SWIFT_VERSION = 5.0;
				TARGETED_DEVICE_FAMILY = "1,2";
				TEST_TARGET_NAME = Tasker;
			};
			name = Debug;
		};
		6BCCB9AA235DDF4800099FCB /* Release */ = {
			isa = XCBuildConfiguration;
			buildSettings = {
				ALWAYS_EMBED_SWIFT_STANDARD_LIBRARIES = YES;
				CODE_SIGN_STYLE = Automatic;
				DEVELOPMENT_TEAM = A38H3LFSD3;
				INFOPLIST_FILE = TaskerUITests/Info.plist;
				LD_RUNPATH_SEARCH_PATHS = (
					"$(inherited)",
					"@executable_path/Frameworks",
					"@loader_path/Frameworks",
				);
				PRODUCT_BUNDLE_IDENTIFIER = Victoriano.TaskerUITests;
				PRODUCT_NAME = "$(TARGET_NAME)";
				SWIFT_VERSION = 5.0;
				TARGETED_DEVICE_FAMILY = "1,2";
				TEST_TARGET_NAME = Tasker;
			};
			name = Release;
		};
/* End XCBuildConfiguration section */

/* Begin XCConfigurationList section */
		6BCCB973235DDF4500099FCB /* Build configuration list for PBXProject "Tasker" */ = {
			isa = XCConfigurationList;
			buildConfigurations = (
				6BCCB9A0235DDF4800099FCB /* Debug */,
				6BCCB9A1235DDF4800099FCB /* Release */,
			);
			defaultConfigurationIsVisible = 0;
			defaultConfigurationName = Release;
		};
		6BCCB9A2235DDF4800099FCB /* Build configuration list for PBXNativeTarget "Tasker" */ = {
			isa = XCConfigurationList;
			buildConfigurations = (
				6BCCB9A3235DDF4800099FCB /* Debug */,
				6BCCB9A4235DDF4800099FCB /* Release */,
			);
			defaultConfigurationIsVisible = 0;
			defaultConfigurationName = Release;
		};
		6BCCB9A5235DDF4800099FCB /* Build configuration list for PBXNativeTarget "TaskerTests" */ = {
			isa = XCConfigurationList;
			buildConfigurations = (
				6BCCB9A6235DDF4800099FCB /* Debug */,
				6BCCB9A7235DDF4800099FCB /* Release */,
			);
			defaultConfigurationIsVisible = 0;
			defaultConfigurationName = Release;
		};
		6BCCB9A8235DDF4800099FCB /* Build configuration list for PBXNativeTarget "TaskerUITests" */ = {
			isa = XCConfigurationList;
			buildConfigurations = (
				6BCCB9A9235DDF4800099FCB /* Debug */,
				6BCCB9AA235DDF4800099FCB /* Release */,
			);
			defaultConfigurationIsVisible = 0;
			defaultConfigurationName = Release;
		};
/* End XCConfigurationList section */
	};
	rootObject = 6BCCB970235DDF4500099FCB /* Project object */;
}
